// !$*UTF8*$!
{
	archiveVersion = 1;
	classes = {
	};
	objectVersion = 46;
	objects = {

/* Begin PBXBuildFile section */
		9C7254A51BD03AAD006C8C16 /* AppDelegate.swift in Sources */ = {isa = PBXBuildFile; fileRef = 9C7254A41BD03AAD006C8C16 /* AppDelegate.swift */; };
		9C7254A71BD03AAD006C8C16 /* ViewController.swift in Sources */ = {isa = PBXBuildFile; fileRef = 9C7254A61BD03AAD006C8C16 /* ViewController.swift */; };
		9C7254AA1BD03AAD006C8C16 /* Main.storyboard in Resources */ = {isa = PBXBuildFile; fileRef = 9C7254A81BD03AAD006C8C16 /* Main.storyboard */; };
		9C7254AC1BD03AAD006C8C16 /* Assets.xcassets in Resources */ = {isa = PBXBuildFile; fileRef = 9C7254AB1BD03AAD006C8C16 /* Assets.xcassets */; };
		9C7254AF1BD03AAD006C8C16 /* LaunchScreen.storyboard in Resources */ = {isa = PBXBuildFile; fileRef = 9C7254AD1BD03AAD006C8C16 /* LaunchScreen.storyboard */; };
/* End PBXBuildFile section */

/* Begin PBXFileReference section */
		9C7254A11BD03AAD006C8C16 /* Noughts and Crosses.app */ = {isa = PBXFileReference; explicitFileType = wrapper.application; includeInIndex = 0; path = "Noughts and Crosses.app"; sourceTree = BUILT_PRODUCTS_DIR; };
		9C7254A41BD03AAD006C8C16 /* AppDelegate.swift */ = {isa = PBXFileReference; lastKnownFileType = sourcecode.swift; path = AppDelegate.swift; sourceTree = "<group>"; };
		9C7254A61BD03AAD006C8C16 /* ViewController.swift */ = {isa = PBXFileReference; lastKnownFileType = sourcecode.swift; path = ViewController.swift; sourceTree = "<group>"; };
		9C7254A91BD03AAD006C8C16 /* Base */ = {isa = PBXFileReference; lastKnownFileType = file.storyboard; name = Base; path = Base.lproj/Main.storyboard; sourceTree = "<group>"; };
		9C7254AB1BD03AAD006C8C16 /* Assets.xcassets */ = {isa = PBXFileReference; lastKnownFileType = folder.assetcatalog; path = Assets.xcassets; sourceTree = "<group>"; };
		9C7254AE1BD03AAD006C8C16 /* Base */ = {isa = PBXFileReference; lastKnownFileType = file.storyboard; name = Base; path = Base.lproj/LaunchScreen.storyboard; sourceTree = "<group>"; };
		9C7254B01BD03AAD006C8C16 /* Info.plist */ = {isa = PBXFileReference; lastKnownFileType = text.plist.xml; path = Info.plist; sourceTree = "<group>"; };
/* End PBXFileReference section */

/* Begin PBXFrameworksBuildPhase section */
		9C72549E1BD03AAD006C8C16 /* Frameworks */ = {
			isa = PBXFrameworksBuildPhase;
			buildActionMask = 2147483647;
			files = (
			);
			runOnlyForDeploymentPostprocessing = 0;
		};
/* End PBXFrameworksBuildPhase section */

/* Begin PBXGroup section */
		9C7254981BD03AAC006C8C16 = {
			isa = PBXGroup;
			children = (
				9C7254A31BD03AAD006C8C16 /* Noughts and Crosses */,
				9C7254A21BD03AAD006C8C16 /* Products */,
			);
			sourceTree = "<group>";
		};
		9C7254A21BD03AAD006C8C16 /* Products */ = {
			isa = PBXGroup;
			children = (
				9C7254A11BD03AAD006C8C16 /* Noughts and Crosses.app */,
			);
			name = Products;
			sourceTree = "<group>";
		};
		9C7254A31BD03AAD006C8C16 /* Noughts and Crosses */ = {
			isa = PBXGroup;
			children = (
				9C7254A41BD03AAD006C8C16 /* AppDelegate.swift */,
				9C7254A61BD03AAD006C8C16 /* ViewController.swift */,
				9C7254A81BD03AAD006C8C16 /* Main.storyboard */,
				9C7254AB1BD03AAD006C8C16 /* Assets.xcassets */,
				9C7254AD1BD03AAD006C8C16 /* LaunchScreen.storyboard */,
				9C7254B01BD03AAD006C8C16 /* Info.plist */,
			);
			path = "Noughts and Crosses";
			sourceTree = "<group>";
		};
/* End PBXGroup section */

/* Begin PBXNativeTarget section */
		9C7254A01BD03AAD006C8C16 /* Noughts and Crosses */ = {
			isa = PBXNativeTarget;
			buildConfigurationList = 9C7254B31BD03AAD006C8C16 /* Build configuration list for PBXNativeTarget "Noughts and Crosses" */;
			buildPhases = (
				9C72549D1BD03AAD006C8C16 /* Sources */,
				9C72549E1BD03AAD006C8C16 /* Frameworks */,
				9C72549F1BD03AAD006C8C16 /* Resources */,
			);
			buildRules = (
			);
			dependencies = (
			);
			name = "Noughts and Crosses";
			productName = "Noughts and Crosses";
			productReference = 9C7254A11BD03AAD006C8C16 /* Noughts and Crosses.app */;
			productType = "com.apple.product-type.application";
		};
/* End PBXNativeTarget section */

/* Begin PBXProject section */
		9C7254991BD03AAD006C8C16 /* Project object */ = {
			isa = PBXProject;
			attributes = {
				LastUpgradeCheck = 0700;
				ORGANIZATIONNAME = "Bella Voce Productions";
				TargetAttributes = {
					9C7254A01BD03AAD006C8C16 = {
						CreatedOnToolsVersion = 7.0.1;
						DevelopmentTeam = FEF46939Q9;
					};
				};
			};
			buildConfigurationList = 9C72549C1BD03AAD006C8C16 /* Build configuration list for PBXProject "Noughts and Crosses" */;
			compatibilityVersion = "Xcode 3.2";
			developmentRegion = English;
			hasScannedForEncodings = 0;
			knownRegions = (
				en,
				Base,
			);
			mainGroup = 9C7254981BD03AAC006C8C16;
			productRefGroup = 9C7254A21BD03AAD006C8C16 /* Products */;
			projectDirPath = "";
			projectRoot = "";
			targets = (
				9C7254A01BD03AAD006C8C16 /* Noughts and Crosses */,
			);
		};
/* End PBXProject section */

/* Begin PBXResourcesBuildPhase section */
		9C72549F1BD03AAD006C8C16 /* Resources */ = {
			isa = PBXResourcesBuildPhase;
			buildActionMask = 2147483647;
			files = (
				9C7254AF1BD03AAD006C8C16 /* LaunchScreen.storyboard in Resources */,
				9C7254AC1BD03AAD006C8C16 /* Assets.xcassets in Resources */,
				9C7254AA1BD03AAD006C8C16 /* Main.storyboard in Resources */,
			);
			runOnlyForDeploymentPostprocessing = 0;
		};
/* End PBXResourcesBuildPhase section */

/* Begin PBXSourcesBuildPhase section */
		9C72549D1BD03AAD006C8C16 /* Sources */ = {
			isa = PBXSourcesBuildPhase;
			buildActionMask = 2147483647;
			files = (
				9C7254A71BD03AAD006C8C16 /* ViewController.swift in Sources */,
				9C7254A51BD03AAD006C8C16 /* AppDelegate.swift in Sources */,
			);
			runOnlyForDeploymentPostprocessing = 0;
		};
/* End PBXSourcesBuildPhase section */

/* Begin PBXVariantGroup section */
		9C7254A81BD03AAD006C8C16 /* Main.storyboard */ = {
			isa = PBXVariantGroup;
			children = (
				9C7254A91BD03AAD006C8C16 /* Base */,
			);
			name = Main.storyboard;
			sourceTree = "<group>";
		};
		9C7254AD1BD03AAD006C8C16 /* LaunchScreen.storyboard */ = {
			isa = PBXVariantGroup;
			children = (
				9C7254AE1BD03AAD006C8C16 /* Base */,
			);
			name = LaunchScreen.storyboard;
			sourceTree = "<group>";
		};
/* End PBXVariantGroup section */

/* Begin XCBuildConfiguration section */
		9C7254B11BD03AAD006C8C16 /* Debug */ = {
			isa = XCBuildConfiguration;
			buildSettings = {
				ALWAYS_SEARCH_USER_PATHS = NO;
				CLANG_CXX_LANGUAGE_STANDARD = "gnu++0x";
				CLANG_CXX_LIBRARY = "libc++";
				CLANG_ENABLE_MODULES = YES;
				CLANG_ENABLE_OBJC_ARC = YES;
				CLANG_WARN_BOOL_CONVERSION = YES;
				CLANG_WARN_CONSTANT_CONVERSION = YES;
				CLANG_WARN_DIRECT_OBJC_ISA_USAGE = YES_ERROR;
				CLANG_WARN_EMPTY_BODY = YES;
				CLANG_WARN_ENUM_CONVERSION = YES;
				CLANG_WARN_INT_CONVERSION = YES;
				CLANG_WARN_OBJC_ROOT_CLASS = YES_ERROR;
				CLANG_WARN_UNREACHABLE_CODE = YES;
				CLANG_WARN__DUPLICATE_METHOD_MATCH = YES;
				"CODE_SIGN_IDENTITY[sdk=iphoneos*]" = "iPhone Developer";
				COPY_PHASE_STRIP = NO;
				DEBUG_INFORMATION_FORMAT = dwarf;
				ENABLE_STRICT_OBJC_MSGSEND = YES;
				ENABLE_TESTABILITY = YES;
				GCC_C_LANGUAGE_STANDARD = gnu99;
				GCC_DYNAMIC_NO_PIC = NO;
				GCC_NO_COMMON_BLOCKS = YES;
				GCC_OPTIMIZATION_LEVEL = 0;
				GCC_PREPROCESSOR_DEFINITIONS = (
					"DEBUG=1",
					"$(inherited)",
				);
				GCC_WARN_64_TO_32_BIT_CONVERSION = YES;
				GCC_WARN_ABOUT_RETURN_TYPE = YES_ERROR;
				GCC_WARN_UNDECLARED_SELECTOR = YES;
				GCC_WARN_UNINITIALIZED_AUTOS = YES_AGGRESSIVE;
				GCC_WARN_UNUSED_FUNCTION = YES;
				GCC_WARN_UNUSED_VARIABLE = YES;
				IPHONEOS_DEPLOYMENT_TARGET = 9.0;
				MTL_ENABLE_DEBUG_INFO = YES;
				ONLY_ACTIVE_ARCH = YES;
				SDKROOT = iphoneos;
				SWIFT_OPTIMIZATION_LEVEL = "-Onone";
			};
			name = Debug;
		};
		9C7254B21BD03AAD006C8C16 /* Release */ = {
			isa = XCBuildConfiguration;
			buildSettings = {
				ALWAYS_SEARCH_USER_PATHS = NO;
				CLANG_CXX_LANGUAGE_STANDARD = "gnu++0x";
				CLANG_CXX_LIBRARY = "libc++";
				CLANG_ENABLE_MODULES = YES;
				CLANG_ENABLE_OBJC_ARC = YES;
				CLANG_WARN_BOOL_CONVERSION = YES;
				CLANG_WARN_CONSTANT_CONVERSION = YES;
				CLANG_WARN_DIRECT_OBJC_ISA_USAGE = YES_ERROR;
				CLANG_WARN_EMPTY_BODY = YES;
				CLANG_WARN_ENUM_CONVERSION = YES;
				CLANG_WARN_INT_CONVERSION = YES;
				CLANG_WARN_OBJC_ROOT_CLASS = YES_ERROR;
				CLANG_WARN_UNREACHABLE_CODE = YES;
				CLANG_WARN__DUPLICATE_METHOD_MATCH = YES;
				"CODE_SIGN_IDENTITY[sdk=iphoneos*]" = "iPhone Developer";
				COPY_PHASE_STRIP = NO;
				DEBUG_INFORMATION_FORMAT = "dwarf-with-dsym";
				ENABLE_NS_ASSERTIONS = NO;
				ENABLE_STRICT_OBJC_MSGSEND = YES;
				GCC_C_LANGUAGE_STANDARD = gnu99;
				GCC_NO_COMMON_BLOCKS = YES;
				GCC_WARN_64_TO_32_BIT_CONVERSION = YES;
				GCC_WARN_ABOUT_RETURN_TYPE = YES_ERROR;
				GCC_WARN_UNDECLARED_SELECTOR = YES;
				GCC_WARN_UNINITIALIZED_AUTOS = YES_AGGRESSIVE;
				GCC_WARN_UNUSED_FUNCTION = YES;
				GCC_WARN_UNUSED_VARIABLE = YES;
				IPHONEOS_DEPLOYMENT_TARGET = 9.0;
				MTL_ENABLE_DEBUG_INFO = NO;
				SDKROOT = iphoneos;
				VALIDATE_PRODUCT = YES;
			};
			name = Release;
		};
		9C7254B41BD03AAD006C8C16 /* Debug */ = {
			isa = XCBuildConfiguration;
			buildSettings = {
				ASSETCATALOG_COMPILER_APPICON_NAME = AppIcon;
				INFOPLIST_FILE = "Noughts and Crosses/Info.plist";
				LD_RUNPATH_SEARCH_PATHS = "$(inherited) @executable_path/Frameworks";
				PRODUCT_BUNDLE_IDENTIFIER = "com.bellavoceproductions.Noughts-and-Crosses";
				PRODUCT_NAME = "$(TARGET_NAME)";
			};
			name = Debug;
		};
		9C7254B51BD03AAD006C8C16 /* Release */ = {
			isa = XCBuildConfiguration;
			buildSettings = {
				ASSETCATALOG_COMPILER_APPICON_NAME = AppIcon;
				INFOPLIST_FILE = "Noughts and Crosses/Info.plist";
				LD_RUNPATH_SEARCH_PATHS = "$(inherited) @executable_path/Frameworks";
				PRODUCT_BUNDLE_IDENTIFIER = "com.bellavoceproductions.Noughts-and-Crosses";
				PRODUCT_NAME = "$(TARGET_NAME)";
			};
			name = Release;
		};
/* End XCBuildConfiguration section */

/* Begin XCConfigurationList section */
		9C72549C1BD03AAD006C8C16 /* Build configuration list for PBXProject "Noughts and Crosses" */ = {
			isa = XCConfigurationList;
			buildConfigurations = (
				9C7254B11BD03AAD006C8C16 /* Debug */,
				9C7254B21BD03AAD006C8C16 /* Release */,
			);
			defaultConfigurationIsVisible = 0;
			defaultConfigurationName = Release;
		};
		9C7254B31BD03AAD006C8C16 /* Build configuration list for PBXNativeTarget "Noughts and Crosses" */ = {
			isa = XCConfigurationList;
			buildConfigurations = (
				9C7254B41BD03AAD006C8C16 /* Debug */,
				9C7254B51BD03AAD006C8C16 /* Release */,
			);
			defaultConfigurationIsVisible = 0;
		};
/* End XCConfigurationList section */
	};
	rootObject = 9C7254991BD03AAD006C8C16 /* Project object */;
}
